
Microsoft Visual Studio Solution File, Format Version 12.00
# Visual Studio Version 17
VisualStudioVersion = 17.5.33627.172
MinimumVisualStudioVersion = 10.0.40219.1
Project("{FAE04EC0-301F-11D3-BF4B-00C04F79EFBC}") = "health-calc-dotnet-pack", "health-calc-dotnet-pack\health-calc-dotnet-pack.csproj", "{66A511B3-F7F2-4D40-B097-FCDF8B8C1C5C}"
EndProject
Project("{FAE04EC0-301F-11D3-BF4B-00C04F79EFBC}") = "health-calc-dotnet-console", "health-calc-dotnet-console\health-calc-dotnet-console.csproj", "{BEF296DE-E35A-4F2D-92E6-9B2B162AD73C}"
EndProject
Project("{FAE04EC0-301F-11D3-BF4B-00C04F79EFBC}") = "health-calc-dotnet-test", "health-calc-dotnet-test\health-calc-dotnet-test.csproj", "{24AA039A-384C-40BC-A093-3443866412E5}"
EndProject
Global
	GlobalSection(SolutionConfigurationPlatforms) = preSolution
		Debug|Any CPU = Debug|Any CPU
		Release|Any CPU = Release|Any CPU
	EndGlobalSection
	GlobalSection(ProjectConfigurationPlatforms) = postSolution
		{66A511B3-F7F2-4D40-B097-FCDF8B8C1C5C}.Debug|Any CPU.ActiveCfg = Debug|Any CPU
		{66A511B3-F7F2-4D40-B097-FCDF8B8C1C5C}.Debug|Any CPU.Build.0 = Debug|Any CPU
		{66A511B3-F7F2-4D40-B097-FCDF8B8C1C5C}.Release|Any CPU.ActiveCfg = Release|Any CPU
		{66A511B3-F7F2-4D40-B097-FCDF8B8C1C5C}.Release|Any CPU.Build.0 = Release|Any CPU
		{BEF296DE-E35A-4F2D-92E6-9B2B162AD73C}.Debug|Any CPU.ActiveCfg = Debug|Any CPU
		{BEF296DE-E35A-4F2D-92E6-9B2B162AD73C}.Debug|Any CPU.Build.0 = Debug|Any CPU
		{BEF296DE-E35A-4F2D-92E6-9B2B162AD73C}.Release|Any CPU.ActiveCfg = Release|Any CPU
		{BEF296DE-E35A-4F2D-92E6-9B2B162AD73C}.Release|Any CPU.Build.0 = Release|Any CPU
		{24AA039A-384C-40BC-A093-3443866412E5}.Debug|Any CPU.ActiveCfg = Debug|Any CPU
		{24AA039A-384C-40BC-A093-3443866412E5}.Debug|Any CPU.Build.0 = Debug|Any CPU
		{24AA039A-384C-40BC-A093-3443866412E5}.Release|Any CPU.ActiveCfg = Release|Any CPU
		{24AA039A-384C-40BC-A093-3443866412E5}.Release|Any CPU.Build.0 = Release|Any CPU
	EndGlobalSection
	GlobalSection(SolutionProperties) = preSolution
		HideSolutionNode = FALSE
	EndGlobalSection
	GlobalSection(ExtensibilityGlobals) = postSolution
		SolutionGuid = {3DB45D65-9719-4610-BFBA-89A9B44A83F4}
	EndGlobalSection
EndGlobal
